
Microsoft Visual Studio Solution File, Format Version 12.00
# Visual Studio 15
VisualStudioVersion = 15.0.28307.645
MinimumVisualStudioVersion = 10.0.40219.1
Project("{9A19103F-16F7-4668-BE54-9A1E7A4F7556}") = "OdeToFood", "OdeToFood\OdeToFood.csproj", "{FAA6BA75-F11D-4067-AF28-F77A23A55F38}"
EndProject
Project("{FAE04EC0-301F-11D3-BF4B-00C04F79EFBC}") = "OdeToFood.Core", "OdeToFood.Core\OdeToFood.Core.csproj", "{591D1861-B8DF-4AFD-9D99-981271EF75FB}"
EndProject
Project("{FAE04EC0-301F-11D3-BF4B-00C04F79EFBC}") = "OdeToFood.Data", "OdeToFood.Data\OdeToFood.Data.csproj", "{14230804-F226-4D33-8949-0BCE17F44571}"
EndProject
Global
	GlobalSection(SolutionConfigurationPlatforms) = preSolution
		Debug|Any CPU = Debug|Any CPU
		Release|Any CPU = Release|Any CPU
	EndGlobalSection
	GlobalSection(ProjectConfigurationPlatforms) = postSolution
		{FAA6BA75-F11D-4067-AF28-F77A23A55F38}.Debug|Any CPU.ActiveCfg = Debug|Any CPU
		{FAA6BA75-F11D-4067-AF28-F77A23A55F38}.Debug|Any CPU.Build.0 = Debug|Any CPU
		{FAA6BA75-F11D-4067-AF28-F77A23A55F38}.Release|Any CPU.ActiveCfg = Release|Any CPU
		{FAA6BA75-F11D-4067-AF28-F77A23A55F38}.Release|Any CPU.Build.0 = Release|Any CPU
		{591D1861-B8DF-4AFD-9D99-981271EF75FB}.Debug|Any CPU.ActiveCfg = Debug|Any CPU
		{591D1861-B8DF-4AFD-9D99-981271EF75FB}.Debug|Any CPU.Build.0 = Debug|Any CPU
		{591D1861-B8DF-4AFD-9D99-981271EF75FB}.Release|Any CPU.ActiveCfg = Release|Any CPU
		{591D1861-B8DF-4AFD-9D99-981271EF75FB}.Release|Any CPU.Build.0 = Release|Any CPU
		{14230804-F226-4D33-8949-0BCE17F44571}.Debug|Any CPU.ActiveCfg = Debug|Any CPU
		{14230804-F226-4D33-8949-0BCE17F44571}.Debug|Any CPU.Build.0 = Debug|Any CPU
		{14230804-F226-4D33-8949-0BCE17F44571}.Release|Any CPU.ActiveCfg = Release|Any CPU
		{14230804-F226-4D33-8949-0BCE17F44571}.Release|Any CPU.Build.0 = Release|Any CPU
	EndGlobalSection
	GlobalSection(SolutionProperties) = preSolution
		HideSolutionNode = FALSE
	EndGlobalSection
	GlobalSection(ExtensibilityGlobals) = postSolution
		SolutionGuid = {96C2A3B8-3A33-46A8-80D7-B6FDBD1FCC9E}
	EndGlobalSection
EndGlobal
